
Microsoft Visual Studio Solution File, Format Version 12.00
# Visual Studio Version 16
VisualStudioVersion = 16.0.31605.320
MinimumVisualStudioVersion = 10.0.40219.1
Project("{FAE04EC0-301F-11D3-BF4B-00C04F79EFBC}") = "SalesWeb", "SalesWeb\SalesWeb.csproj", "{448D03D5-E065-4C28-BEB6-7306C042697E}"
EndProject
Global
	GlobalSection(SolutionConfigurationPlatforms) = preSolution
		Debug|Any CPU = Debug|Any CPU
		Release|Any CPU = Release|Any CPU
	EndGlobalSection
	GlobalSection(ProjectConfigurationPlatforms) = postSolution
		{448D03D5-E065-4C28-BEB6-7306C042697E}.Debug|Any CPU.ActiveCfg = Debug|Any CPU
		{448D03D5-E065-4C28-BEB6-7306C042697E}.Debug|Any CPU.Build.0 = Debug|Any CPU
		{448D03D5-E065-4C28-BEB6-7306C042697E}.Release|Any CPU.ActiveCfg = Release|Any CPU
		{448D03D5-E065-4C28-BEB6-7306C042697E}.Release|Any CPU.Build.0 = Release|Any CPU
	EndGlobalSection
	GlobalSection(SolutionProperties) = preSolution
		HideSolutionNode = FALSE
	EndGlobalSection
	GlobalSection(ExtensibilityGlobals) = postSolution
		SolutionGuid = {06700888-FE6F-401F-983F-8B004EDA3A09}
	EndGlobalSection
EndGlobal
